// !$*UTF8*$!
{
	archiveVersion = 1;
	classes = {
	};
	objectVersion = 46;
	objects = {

/* Begin PBXBuildFile section */
		200620C21DA536A4008E2207 /* CustomModal.swift in Sources */ = {isa = PBXBuildFile; fileRef = 200620C11DA536A4008E2207 /* CustomModal.swift */; };
		200620C41DA53FAB008E2207 /* PopupSubjectViewController.swift in Sources */ = {isa = PBXBuildFile; fileRef = 200620C31DA53FAB008E2207 /* PopupSubjectViewController.swift */; };
		200620C61DAA0C3D008E2207 /* MovePhotosViewController.swift in Sources */ = {isa = PBXBuildFile; fileRef = 200620C51DAA0C3D008E2207 /* MovePhotosViewController.swift */; };
		2060F4251DABBADD00AE4AC2 /* EasyImagy.framework in Frameworks */ = {isa = PBXBuildFile; fileRef = 2060F41C1DABBAD200AE4AC2 /* EasyImagy.framework */; };
		2060F4261DABBADD00AE4AC2 /* EasyImagy.framework in Embed Frameworks */ = {isa = PBXBuildFile; fileRef = 2060F41C1DABBAD200AE4AC2 /* EasyImagy.framework */; settings = {ATTRIBUTES = (CodeSignOnCopy, RemoveHeadersOnCopy, ); }; };
		20CC79DD1DA27BE9001416DB /* AppDelegate.swift in Sources */ = {isa = PBXBuildFile; fileRef = 20CC79DC1DA27BE9001416DB /* AppDelegate.swift */; };
		20CC79DF1DA27BE9001416DB /* ViewController.swift in Sources */ = {isa = PBXBuildFile; fileRef = 20CC79DE1DA27BE9001416DB /* ViewController.swift */; };
		20CC79E21DA27BE9001416DB /* Main.storyboard in Resources */ = {isa = PBXBuildFile; fileRef = 20CC79E01DA27BE9001416DB /* Main.storyboard */; };
		20CC79E41DA27BE9001416DB /* Assets.xcassets in Resources */ = {isa = PBXBuildFile; fileRef = 20CC79E31DA27BE9001416DB /* Assets.xcassets */; };
		20CC79E71DA27BE9001416DB /* LaunchScreen.storyboard in Resources */ = {isa = PBXBuildFile; fileRef = 20CC79E51DA27BE9001416DB /* LaunchScreen.storyboard */; };
		20CC79EF1DA2826A001416DB /* CameraViewController.swift in Sources */ = {isa = PBXBuildFile; fileRef = 20CC79EE1DA2826A001416DB /* CameraViewController.swift */; };
		20DE3C7A1DA29D29000E61B9 /* SubjectViewController.swift in Sources */ = {isa = PBXBuildFile; fileRef = 20DE3C791DA29D29000E61B9 /* SubjectViewController.swift */; };
		20DE3C7C1DA29D42000E61B9 /* CollectionViewController.swift in Sources */ = {isa = PBXBuildFile; fileRef = 20DE3C7B1DA29D42000E61B9 /* CollectionViewController.swift */; };
		4B3FE83B8E2DCC4DC31F236B /* Pods_classPics.framework in Frameworks */ = {isa = PBXBuildFile; fileRef = DB6A17FC1489F592AABD7EF3 /* Pods_classPics.framework */; };
/* End PBXBuildFile section */

/* Begin PBXContainerItemProxy section */
		2060F41B1DABBAD200AE4AC2 /* PBXContainerItemProxy */ = {
			isa = PBXContainerItemProxy;
			containerPortal = 2060F4131DABBAD100AE4AC2 /* EasyImagy.xcodeproj */;
			proxyType = 2;
			remoteGlobalIDString = D65FF0711AFB66C7006CC985;
			remoteInfo = "EasyImagy-iOS";
		};
		2060F41D1DABBAD200AE4AC2 /* PBXContainerItemProxy */ = {
			isa = PBXContainerItemProxy;
			containerPortal = 2060F4131DABBAD100AE4AC2 /* EasyImagy.xcodeproj */;
			proxyType = 2;
			remoteGlobalIDString = D69C33A61C8D3D2A007985D4;
			remoteInfo = "EasyImagy-OSX";
		};
		2060F41F1DABBAD200AE4AC2 /* PBXContainerItemProxy */ = {
			isa = PBXContainerItemProxy;
			containerPortal = 2060F4131DABBAD100AE4AC2 /* EasyImagy.xcodeproj */;
			proxyType = 2;
			remoteGlobalIDString = D65FF07C1AFB66C7006CC985;
			remoteInfo = "EasyImagy-iOS Tests";
		};
		2060F4211DABBAD200AE4AC2 /* PBXContainerItemProxy */ = {
			isa = PBXContainerItemProxy;
			containerPortal = 2060F4131DABBAD100AE4AC2 /* EasyImagy.xcodeproj */;
			proxyType = 2;
			remoteGlobalIDString = D69C33AF1C8D3D2A007985D4;
			remoteInfo = "EasyImagy-OSX Tests";
		};
		2060F4231DABBAD200AE4AC2 /* PBXContainerItemProxy */ = {
			isa = PBXContainerItemProxy;
			containerPortal = 2060F4131DABBAD100AE4AC2 /* EasyImagy.xcodeproj */;
			proxyType = 2;
			remoteGlobalIDString = D6C2EDF81B031A0900E2B876;
			remoteInfo = EasyImagySample;
		};
		2060F4271DABBADD00AE4AC2 /* PBXContainerItemProxy */ = {
			isa = PBXContainerItemProxy;
			containerPortal = 2060F4131DABBAD100AE4AC2 /* EasyImagy.xcodeproj */;
			proxyType = 1;
			remoteGlobalIDString = D65FF0701AFB66C7006CC985;
			remoteInfo = "EasyImagy-iOS";
		};
/* End PBXContainerItemProxy section */

/* Begin PBXCopyFilesBuildPhase section */
		2060F4291DABBADD00AE4AC2 /* Embed Frameworks */ = {
			isa = PBXCopyFilesBuildPhase;
			buildActionMask = 2147483647;
			dstPath = "";
			dstSubfolderSpec = 10;
			files = (
				2060F4261DABBADD00AE4AC2 /* EasyImagy.framework in Embed Frameworks */,
			);
			name = "Embed Frameworks";
			runOnlyForDeploymentPostprocessing = 0;
		};
/* End PBXCopyFilesBuildPhase section */

/* Begin PBXFileReference section */
		200620C11DA536A4008E2207 /* CustomModal.swift */ = {isa = PBXFileReference; fileEncoding = 4; lastKnownFileType = sourcecode.swift; path = CustomModal.swift; sourceTree = "<group>"; };
		200620C31DA53FAB008E2207 /* PopupSubjectViewController.swift */ = {isa = PBXFileReference; fileEncoding = 4; lastKnownFileType = sourcecode.swift; path = PopupSubjectViewController.swift; sourceTree = "<group>"; };
		200620C51DAA0C3D008E2207 /* MovePhotosViewController.swift */ = {isa = PBXFileReference; fileEncoding = 4; lastKnownFileType = sourcecode.swift; path = MovePhotosViewController.swift; sourceTree = "<group>"; };
		2060F4131DABBAD100AE4AC2 /* EasyImagy.xcodeproj */ = {isa = PBXFileReference; lastKnownFileType = "wrapper.pb-project"; name = EasyImagy.xcodeproj; path = "../../../../Downloads/EasyImagy-swift-3/EasyImagy.xcodeproj"; sourceTree = "<group>"; };
		20CC79D91DA27BE9001416DB /* classPics.app */ = {isa = PBXFileReference; explicitFileType = wrapper.application; includeInIndex = 0; path = classPics.app; sourceTree = BUILT_PRODUCTS_DIR; };
		20CC79DC1DA27BE9001416DB /* AppDelegate.swift */ = {isa = PBXFileReference; lastKnownFileType = sourcecode.swift; path = AppDelegate.swift; sourceTree = "<group>"; };
		20CC79DE1DA27BE9001416DB /* ViewController.swift */ = {isa = PBXFileReference; lastKnownFileType = sourcecode.swift; path = ViewController.swift; sourceTree = "<group>"; };
		20CC79E11DA27BE9001416DB /* Base */ = {isa = PBXFileReference; lastKnownFileType = file.storyboard; name = Base; path = Base.lproj/Main.storyboard; sourceTree = "<group>"; };
		20CC79E31DA27BE9001416DB /* Assets.xcassets */ = {isa = PBXFileReference; lastKnownFileType = folder.assetcatalog; path = Assets.xcassets; sourceTree = "<group>"; };
		20CC79E61DA27BE9001416DB /* Base */ = {isa = PBXFileReference; lastKnownFileType = file.storyboard; name = Base; path = Base.lproj/LaunchScreen.storyboard; sourceTree = "<group>"; };
		20CC79E81DA27BE9001416DB /* Info.plist */ = {isa = PBXFileReference; lastKnownFileType = text.plist.xml; path = Info.plist; sourceTree = "<group>"; };
		20CC79EE1DA2826A001416DB /* CameraViewController.swift */ = {isa = PBXFileReference; fileEncoding = 4; lastKnownFileType = sourcecode.swift; path = CameraViewController.swift; sourceTree = "<group>"; };
		20DE3C791DA29D29000E61B9 /* SubjectViewController.swift */ = {isa = PBXFileReference; fileEncoding = 4; lastKnownFileType = sourcecode.swift; path = SubjectViewController.swift; sourceTree = "<group>"; };
		20DE3C7B1DA29D42000E61B9 /* CollectionViewController.swift */ = {isa = PBXFileReference; fileEncoding = 4; lastKnownFileType = sourcecode.swift; path = CollectionViewController.swift; sourceTree = "<group>"; };
		DB6A17FC1489F592AABD7EF3 /* Pods_classPics.framework */ = {isa = PBXFileReference; explicitFileType = wrapper.framework; includeInIndex = 0; path = Pods_classPics.framework; sourceTree = BUILT_PRODUCTS_DIR; };
		E2CE76AA678154B6BC570EAB /* Pods-classPics.debug.xcconfig */ = {isa = PBXFileReference; includeInIndex = 1; lastKnownFileType = text.xcconfig; name = "Pods-classPics.debug.xcconfig"; path = "Pods/Target Support Files/Pods-classPics/Pods-classPics.debug.xcconfig"; sourceTree = "<group>"; };
		E4475205349B947DA579091A /* Pods-classPics.release.xcconfig */ = {isa = PBXFileReference; includeInIndex = 1; lastKnownFileType = text.xcconfig; name = "Pods-classPics.release.xcconfig"; path = "Pods/Target Support Files/Pods-classPics/Pods-classPics.release.xcconfig"; sourceTree = "<group>"; };
/* End PBXFileReference section */

/* Begin PBXFrameworksBuildPhase section */
		20CC79D61DA27BE9001416DB /* Frameworks */ = {
			isa = PBXFrameworksBuildPhase;
			buildActionMask = 2147483647;
			files = (
				2060F4251DABBADD00AE4AC2 /* EasyImagy.framework in Frameworks */,
				4B3FE83B8E2DCC4DC31F236B /* Pods_classPics.framework in Frameworks */,
			);
			runOnlyForDeploymentPostprocessing = 0;
		};
/* End PBXFrameworksBuildPhase section */

/* Begin PBXGroup section */
		2060F4141DABBAD100AE4AC2 /* Products */ = {
			isa = PBXGroup;
			children = (
				2060F41C1DABBAD200AE4AC2 /* EasyImagy.framework */,
				2060F41E1DABBAD200AE4AC2 /* EasyImagy.framework */,
				2060F4201DABBAD200AE4AC2 /* EasyImagyTests.xctest */,
				2060F4221DABBAD200AE4AC2 /* EasyImagyTests.xctest */,
				2060F4241DABBAD200AE4AC2 /* EasyImagySample.app */,
			);
			name = Products;
			sourceTree = "<group>";
		};
		20CC79D01DA27BE8001416DB = {
			isa = PBXGroup;
			children = (
				2060F4131DABBAD100AE4AC2 /* EasyImagy.xcodeproj */,
				20CC79DB1DA27BE9001416DB /* classPics */,
				20CC79DA1DA27BE9001416DB /* Products */,
				4E913C9A28C7D6E8B0F20D60 /* Pods */,
				9CDB8BBE03972768919F7311 /* Frameworks */,
			);
			sourceTree = "<group>";
		};
		20CC79DA1DA27BE9001416DB /* Products */ = {
			isa = PBXGroup;
			children = (
				20CC79D91DA27BE9001416DB /* classPics.app */,
			);
			name = Products;
			sourceTree = "<group>";
		};
		20CC79DB1DA27BE9001416DB /* classPics */ = {
			isa = PBXGroup;
			children = (
				20CC79DC1DA27BE9001416DB /* AppDelegate.swift */,
				20CC79DE1DA27BE9001416DB /* ViewController.swift */,
				20CC79E01DA27BE9001416DB /* Main.storyboard */,
				20CC79E31DA27BE9001416DB /* Assets.xcassets */,
				20CC79E51DA27BE9001416DB /* LaunchScreen.storyboard */,
				20CC79E81DA27BE9001416DB /* Info.plist */,
				20CC79EE1DA2826A001416DB /* CameraViewController.swift */,
				20DE3C791DA29D29000E61B9 /* SubjectViewController.swift */,
				20DE3C7B1DA29D42000E61B9 /* CollectionViewController.swift */,
				200620C11DA536A4008E2207 /* CustomModal.swift */,
				200620C31DA53FAB008E2207 /* PopupSubjectViewController.swift */,
				200620C51DAA0C3D008E2207 /* MovePhotosViewController.swift */,
			);
			path = classPics;
			sourceTree = "<group>";
		};
		4E913C9A28C7D6E8B0F20D60 /* Pods */ = {
			isa = PBXGroup;
			children = (
				E2CE76AA678154B6BC570EAB /* Pods-classPics.debug.xcconfig */,
				E4475205349B947DA579091A /* Pods-classPics.release.xcconfig */,
			);
			name = Pods;
			sourceTree = "<group>";
		};
		9CDB8BBE03972768919F7311 /* Frameworks */ = {
			isa = PBXGroup;
			children = (
				DB6A17FC1489F592AABD7EF3 /* Pods_classPics.framework */,
			);
			name = Frameworks;
			sourceTree = "<group>";
		};
/* End PBXGroup section */

/* Begin PBXNativeTarget section */
		20CC79D81DA27BE9001416DB /* classPics */ = {
			isa = PBXNativeTarget;
			buildConfigurationList = 20CC79EB1DA27BE9001416DB /* Build configuration list for PBXNativeTarget "classPics" */;
			buildPhases = (
				1E4B4221CFE16ECCAA20D874 /* [CP] Check Pods Manifest.lock */,
				20CC79D51DA27BE9001416DB /* Sources */,
				20CC79D61DA27BE9001416DB /* Frameworks */,
				20CC79D71DA27BE9001416DB /* Resources */,
				9DF142035616E5C039821DA1 /* [CP] Embed Pods Frameworks */,
				2C8E0E8E3AFCB027BA7DBE2D /* [CP] Copy Pods Resources */,
				2060F4291DABBADD00AE4AC2 /* Embed Frameworks */,
			);
			buildRules = (
			);
			dependencies = (
				2060F4281DABBADD00AE4AC2 /* PBXTargetDependency */,
			);
			name = classPics;
			productName = classPics;
			productReference = 20CC79D91DA27BE9001416DB /* classPics.app */;
			productType = "com.apple.product-type.application";
		};
/* End PBXNativeTarget section */

/* Begin PBXProject section */
		20CC79D11DA27BE8001416DB /* Project object */ = {
			isa = PBXProject;
			attributes = {
				LastSwiftUpdateCheck = 0800;
				LastUpgradeCheck = 0800;
				ORGANIZATIONNAME = "Kazumasa Shimomura";
				TargetAttributes = {
					20CC79D81DA27BE9001416DB = {
						CreatedOnToolsVersion = 8.0;
						DevelopmentTeam = TKM4VSA3YF;
						LastSwiftMigration = 0800;
						ProvisioningStyle = Automatic;
					};
				};
			};
			buildConfigurationList = 20CC79D41DA27BE8001416DB /* Build configuration list for PBXProject "classPics" */;
			compatibilityVersion = "Xcode 3.2";
			developmentRegion = English;
			hasScannedForEncodings = 0;
			knownRegions = (
				en,
				Base,
			);
			mainGroup = 20CC79D01DA27BE8001416DB;
			productRefGroup = 20CC79DA1DA27BE9001416DB /* Products */;
			projectDirPath = "";
			projectReferences = (
				{
					ProductGroup = 2060F4141DABBAD100AE4AC2 /* Products */;
					ProjectRef = 2060F4131DABBAD100AE4AC2 /* EasyImagy.xcodeproj */;
				},
			);
			projectRoot = "";
			targets = (
				20CC79D81DA27BE9001416DB /* classPics */,
			);
		};
/* End PBXProject section */

/* Begin PBXReferenceProxy section */
		2060F41C1DABBAD200AE4AC2 /* EasyImagy.framework */ = {
			isa = PBXReferenceProxy;
			fileType = wrapper.framework;
			path = EasyImagy.framework;
			remoteRef = 2060F41B1DABBAD200AE4AC2 /* PBXContainerItemProxy */;
			sourceTree = BUILT_PRODUCTS_DIR;
		};
		2060F41E1DABBAD200AE4AC2 /* EasyImagy.framework */ = {
			isa = PBXReferenceProxy;
			fileType = wrapper.framework;
			path = EasyImagy.framework;
			remoteRef = 2060F41D1DABBAD200AE4AC2 /* PBXContainerItemProxy */;
			sourceTree = BUILT_PRODUCTS_DIR;
		};
		2060F4201DABBAD200AE4AC2 /* EasyImagyTests.xctest */ = {
			isa = PBXReferenceProxy;
			fileType = wrapper.cfbundle;
			path = EasyImagyTests.xctest;
			remoteRef = 2060F41F1DABBAD200AE4AC2 /* PBXContainerItemProxy */;
			sourceTree = BUILT_PRODUCTS_DIR;
		};
		2060F4221DABBAD200AE4AC2 /* EasyImagyTests.xctest */ = {
			isa = PBXReferenceProxy;
			fileType = wrapper.cfbundle;
			path = EasyImagyTests.xctest;
			remoteRef = 2060F4211DABBAD200AE4AC2 /* PBXContainerItemProxy */;
			sourceTree = BUILT_PRODUCTS_DIR;
		};
		2060F4241DABBAD200AE4AC2 /* EasyImagySample.app */ = {
			isa = PBXReferenceProxy;
			fileType = wrapper.application;
			path = EasyImagySample.app;
			remoteRef = 2060F4231DABBAD200AE4AC2 /* PBXContainerItemProxy */;
			sourceTree = BUILT_PRODUCTS_DIR;
		};
/* End PBXReferenceProxy section */

/* Begin PBXResourcesBuildPhase section */
		20CC79D71DA27BE9001416DB /* Resources */ = {
			isa = PBXResourcesBuildPhase;
			buildActionMask = 2147483647;
			files = (
				20CC79E71DA27BE9001416DB /* LaunchScreen.storyboard in Resources */,
				20CC79E41DA27BE9001416DB /* Assets.xcassets in Resources */,
				20CC79E21DA27BE9001416DB /* Main.storyboard in Resources */,
			);
			runOnlyForDeploymentPostprocessing = 0;
		};
/* End PBXResourcesBuildPhase section */

/* Begin PBXShellScriptBuildPhase section */
		1E4B4221CFE16ECCAA20D874 /* [CP] Check Pods Manifest.lock */ = {
			isa = PBXShellScriptBuildPhase;
			buildActionMask = 2147483647;
			files = (
			);
			inputPaths = (
			);
			name = "[CP] Check Pods Manifest.lock";
			outputPaths = (
			);
			runOnlyForDeploymentPostprocessing = 0;
			shellPath = /bin/sh;
			shellScript = "diff \"${PODS_ROOT}/../Podfile.lock\" \"${PODS_ROOT}/Manifest.lock\" > /dev/null\nif [[ $? != 0 ]] ; then\n    cat << EOM\nerror: The sandbox is not in sync with the Podfile.lock. Run 'pod install' or update your CocoaPods installation.\nEOM\n    exit 1\nfi\n";
			showEnvVarsInLog = 0;
		};
		2C8E0E8E3AFCB027BA7DBE2D /* [CP] Copy Pods Resources */ = {
			isa = PBXShellScriptBuildPhase;
			buildActionMask = 2147483647;
			files = (
			);
			inputPaths = (
			);
			name = "[CP] Copy Pods Resources";
			outputPaths = (
			);
			runOnlyForDeploymentPostprocessing = 0;
			shellPath = /bin/sh;
			shellScript = "\"${SRCROOT}/Pods/Target Support Files/Pods-classPics/Pods-classPics-resources.sh\"\n";
			showEnvVarsInLog = 0;
		};
		9DF142035616E5C039821DA1 /* [CP] Embed Pods Frameworks */ = {
			isa = PBXShellScriptBuildPhase;
			buildActionMask = 2147483647;
			files = (
			);
			inputPaths = (
			);
			name = "[CP] Embed Pods Frameworks";
			outputPaths = (
			);
			runOnlyForDeploymentPostprocessing = 0;
			shellPath = /bin/sh;
			shellScript = "\"${SRCROOT}/Pods/Target Support Files/Pods-classPics/Pods-classPics-frameworks.sh\"\n";
			showEnvVarsInLog = 0;
		};
/* End PBXShellScriptBuildPhase section */

/* Begin PBXSourcesBuildPhase section */
		20CC79D51DA27BE9001416DB /* Sources */ = {
			isa = PBXSourcesBuildPhase;
			buildActionMask = 2147483647;
			files = (
				20CC79DF1DA27BE9001416DB /* ViewController.swift in Sources */,
				20DE3C7A1DA29D29000E61B9 /* SubjectViewController.swift in Sources */,
				200620C21DA536A4008E2207 /* CustomModal.swift in Sources */,
				20CC79DD1DA27BE9001416DB /* AppDelegate.swift in Sources */,
				200620C61DAA0C3D008E2207 /* MovePhotosViewController.swift in Sources */,
				20CC79EF1DA2826A001416DB /* CameraViewController.swift in Sources */,
				20DE3C7C1DA29D42000E61B9 /* CollectionViewController.swift in Sources */,
				200620C41DA53FAB008E2207 /* PopupSubjectViewController.swift in Sources */,
			);
			runOnlyForDeploymentPostprocessing = 0;
		};
/* End PBXSourcesBuildPhase section */

/* Begin PBXTargetDependency section */
		2060F4281DABBADD00AE4AC2 /* PBXTargetDependency */ = {
			isa = PBXTargetDependency;
			name = "EasyImagy-iOS";
			targetProxy = 2060F4271DABBADD00AE4AC2 /* PBXContainerItemProxy */;
		};
/* End PBXTargetDependency section */

/* Begin PBXVariantGroup section */
		20CC79E01DA27BE9001416DB /* Main.storyboard */ = {
			isa = PBXVariantGroup;
			children = (
				20CC79E11DA27BE9001416DB /* Base */,
			);
			name = Main.storyboard;
			sourceTree = "<group>";
		};
		20CC79E51DA27BE9001416DB /* LaunchScreen.storyboard */ = {
			isa = PBXVariantGroup;
			children = (
				20CC79E61DA27BE9001416DB /* Base */,
			);
			name = LaunchScreen.storyboard;
			sourceTree = "<group>";
		};
/* End PBXVariantGroup section */

/* Begin XCBuildConfiguration section */
		20CC79E91DA27BE9001416DB /* Debug */ = {
			isa = XCBuildConfiguration;
			buildSettings = {
				ALWAYS_SEARCH_USER_PATHS = NO;
				CLANG_ANALYZER_NONNULL = YES;
				CLANG_CXX_LANGUAGE_STANDARD = "gnu++0x";
				CLANG_CXX_LIBRARY = "libc++";
				CLANG_ENABLE_MODULES = YES;
				CLANG_ENABLE_OBJC_ARC = YES;
				CLANG_WARN_BOOL_CONVERSION = YES;
				CLANG_WARN_CONSTANT_CONVERSION = YES;
				CLANG_WARN_DIRECT_OBJC_ISA_USAGE = YES_ERROR;
				CLANG_WARN_DOCUMENTATION_COMMENTS = YES;
				CLANG_WARN_EMPTY_BODY = YES;
				CLANG_WARN_ENUM_CONVERSION = YES;
				CLANG_WARN_INFINITE_RECURSION = YES;
				CLANG_WARN_INT_CONVERSION = YES;
				CLANG_WARN_OBJC_ROOT_CLASS = YES_ERROR;
				CLANG_WARN_SUSPICIOUS_MOVE = YES;
				CLANG_WARN_SUSPICIOUS_MOVES = YES;
				CLANG_WARN_UNREACHABLE_CODE = YES;
				CLANG_WARN__DUPLICATE_METHOD_MATCH = YES;
				"CODE_SIGN_IDENTITY[sdk=iphoneos*]" = "iPhone Developer";
				COPY_PHASE_STRIP = NO;
				DEBUG_INFORMATION_FORMAT = dwarf;
				ENABLE_STRICT_OBJC_MSGSEND = YES;
				ENABLE_TESTABILITY = YES;
				GCC_C_LANGUAGE_STANDARD = gnu99;
				GCC_DYNAMIC_NO_PIC = NO;
				GCC_NO_COMMON_BLOCKS = YES;
				GCC_OPTIMIZATION_LEVEL = 0;
				GCC_PREPROCESSOR_DEFINITIONS = (
					"DEBUG=1",
					"$(inherited)",
				);
				GCC_WARN_64_TO_32_BIT_CONVERSION = YES;
				GCC_WARN_ABOUT_RETURN_TYPE = YES_ERROR;
				GCC_WARN_UNDECLARED_SELECTOR = YES;
				GCC_WARN_UNINITIALIZED_AUTOS = YES_AGGRESSIVE;
				GCC_WARN_UNUSED_FUNCTION = YES;
				GCC_WARN_UNUSED_VARIABLE = YES;
				IPHONEOS_DEPLOYMENT_TARGET = 10.0;
				MTL_ENABLE_DEBUG_INFO = YES;
				ONLY_ACTIVE_ARCH = YES;
				SDKROOT = iphoneos;
				SWIFT_ACTIVE_COMPILATION_CONDITIONS = DEBUG;
				SWIFT_OPTIMIZATION_LEVEL = "-Onone";
				TARGETED_DEVICE_FAMILY = "1,2";
			};
			name = Debug;
		};
		20CC79EA1DA27BE9001416DB /* Release */ = {
			isa = XCBuildConfiguration;
			buildSettings = {
				ALWAYS_SEARCH_USER_PATHS = NO;
				CLANG_ANALYZER_NONNULL = YES;
				CLANG_CXX_LANGUAGE_STANDARD = "gnu++0x";
				CLANG_CXX_LIBRARY = "libc++";
				CLANG_ENABLE_MODULES = YES;
				CLANG_ENABLE_OBJC_ARC = YES;
				CLANG_WARN_BOOL_CONVERSION = YES;
				CLANG_WARN_CONSTANT_CONVERSION = YES;
				CLANG_WARN_DIRECT_OBJC_ISA_USAGE = YES_ERROR;
				CLANG_WARN_DOCUMENTATION_COMMENTS = YES;
				CLANG_WARN_EMPTY_BODY = YES;
				CLANG_WARN_ENUM_CONVERSION = YES;
				CLANG_WARN_INFINITE_RECURSION = YES;
				CLANG_WARN_INT_CONVERSION = YES;
				CLANG_WARN_OBJC_ROOT_CLASS = YES_ERROR;
				CLANG_WARN_SUSPICIOUS_MOVE = YES;
				CLANG_WARN_SUSPICIOUS_MOVES = YES;
				CLANG_WARN_UNREACHABLE_CODE = YES;
				CLANG_WARN__DUPLICATE_METHOD_MATCH = YES;
				"CODE_SIGN_IDENTITY[sdk=iphoneos*]" = "iPhone Developer";
				COPY_PHASE_STRIP = NO;
				DEBUG_INFORMATION_FORMAT = "dwarf-with-dsym";
				ENABLE_NS_ASSERTIONS = NO;
				ENABLE_STRICT_OBJC_MSGSEND = YES;
				GCC_C_LANGUAGE_STANDARD = gnu99;
				GCC_NO_COMMON_BLOCKS = YES;
				GCC_WARN_64_TO_32_BIT_CONVERSION = YES;
				GCC_WARN_ABOUT_RETURN_TYPE = YES_ERROR;
				GCC_WARN_UNDECLARED_SELECTOR = YES;
				GCC_WARN_UNINITIALIZED_AUTOS = YES_AGGRESSIVE;
				GCC_WARN_UNUSED_FUNCTION = YES;
				GCC_WARN_UNUSED_VARIABLE = YES;
				IPHONEOS_DEPLOYMENT_TARGET = 10.0;
				MTL_ENABLE_DEBUG_INFO = NO;
				SDKROOT = iphoneos;
				SWIFT_OPTIMIZATION_LEVEL = "-Owholemodule";
				TARGETED_DEVICE_FAMILY = "1,2";
				VALIDATE_PRODUCT = YES;
			};
			name = Release;
		};
		20CC79EC1DA27BE9001416DB /* Debug */ = {
			isa = XCBuildConfiguration;
			baseConfigurationReference = E2CE76AA678154B6BC570EAB /* Pods-classPics.debug.xcconfig */;
			buildSettings = {
				ALWAYS_EMBED_SWIFT_STANDARD_LIBRARIES = YES;
				ASSETCATALOG_COMPILER_APPICON_NAME = AppIcon;
				DEVELOPMENT_TEAM = TKM4VSA3YF;
				INFOPLIST_FILE = classPics/Info.plist;
				LD_RUNPATH_SEARCH_PATHS = "$(inherited) @executable_path/Frameworks";
				PRODUCT_BUNDLE_IDENTIFIER = com.kazu.classPics;
				PRODUCT_NAME = "$(TARGET_NAME)";
				SWIFT_VERSION = 3.0;
			};
			name = Debug;
		};
		20CC79ED1DA27BE9001416DB /* Release */ = {
			isa = XCBuildConfiguration;
			baseConfigurationReference = E4475205349B947DA579091A /* Pods-classPics.release.xcconfig */;
			buildSettings = {
				ALWAYS_EMBED_SWIFT_STANDARD_LIBRARIES = YES;
				ASSETCATALOG_COMPILER_APPICON_NAME = AppIcon;
				DEVELOPMENT_TEAM = TKM4VSA3YF;
				INFOPLIST_FILE = classPics/Info.plist;
				LD_RUNPATH_SEARCH_PATHS = "$(inherited) @executable_path/Frameworks";
				PRODUCT_BUNDLE_IDENTIFIER = com.kazu.classPics;
				PRODUCT_NAME = "$(TARGET_NAME)";
				SWIFT_VERSION = 3.0;
			};
			name = Release;
		};
/* End XCBuildConfiguration section */

/* Begin XCConfigurationList section */
		20CC79D41DA27BE8001416DB /* Build configuration list for PBXProject "classPics" */ = {
			isa = XCConfigurationList;
			buildConfigurations = (
				20CC79E91DA27BE9001416DB /* Debug */,
				20CC79EA1DA27BE9001416DB /* Release */,
			);
			defaultConfigurationIsVisible = 0;
			defaultConfigurationName = Release;
		};
		20CC79EB1DA27BE9001416DB /* Build configuration list for PBXNativeTarget "classPics" */ = {
			isa = XCConfigurationList;
			buildConfigurations = (
				20CC79EC1DA27BE9001416DB /* Debug */,
				20CC79ED1DA27BE9001416DB /* Release */,
			);
			defaultConfigurationIsVisible = 0;
			defaultConfigurationName = Release;
		};
/* End XCConfigurationList section */
	};
	rootObject = 20CC79D11DA27BE8001416DB /* Project object */;
}
